
Microsoft Visual Studio Solution File, Format Version 12.00
# Visual Studio 14
VisualStudioVersion = 14.0.25420.1
MinimumVisualStudioVersion = 10.0.40219.1
Project("{2150E333-8FDC-42A3-9474-1A3956D46DE8}") = "src", "src", "{08F3C4C7-EF01-4828-9319-8D973C1437F1}"
EndProject
Project("{2150E333-8FDC-42A3-9474-1A3956D46DE8}") = "Solution Items", "Solution Items", "{AE0CB2F4-31C0-48EC-8E42-094B87A244A9}"
	ProjectSection(SolutionItems) = preProject
		global.json = global.json
	EndProjectSection
EndProject
Project("{8BB2217D-0F2D-49D1-97BC-3654ED321F3B}") = "DotNetCoreWebApi", "src\DotNetCoreWebApi\DotNetCoreWebApi.xproj", "{8CC0490F-62AF-4E8F-9E53-D1875966023F}"
EndProject
Global
	GlobalSection(SolutionConfigurationPlatforms) = preSolution
		Debug|Any CPU = Debug|Any CPU
		Release|Any CPU = Release|Any CPU
	EndGlobalSection
	GlobalSection(ProjectConfigurationPlatforms) = postSolution
		{8CC0490F-62AF-4E8F-9E53-D1875966023F}.Debug|Any CPU.ActiveCfg = Debug|Any CPU
		{8CC0490F-62AF-4E8F-9E53-D1875966023F}.Debug|Any CPU.Build.0 = Debug|Any CPU
		{8CC0490F-62AF-4E8F-9E53-D1875966023F}.Release|Any CPU.ActiveCfg = Release|Any CPU
		{8CC0490F-62AF-4E8F-9E53-D1875966023F}.Release|Any CPU.Build.0 = Release|Any CPU
	EndGlobalSection
	GlobalSection(SolutionProperties) = preSolution
		HideSolutionNode = FALSE
	EndGlobalSection
	GlobalSection(NestedProjects) = preSolution
		{8CC0490F-62AF-4E8F-9E53-D1875966023F} = {08F3C4C7-EF01-4828-9319-8D973C1437F1}
	EndGlobalSection
EndGlobal
